
Microsoft Visual Studio Solution File, Format Version 12.00
# Visual Studio Version 16
VisualStudioVersion = 16.0.31205.134
MinimumVisualStudioVersion = 10.0.40219.1
Project("{FAE04EC0-301F-11D3-BF4B-00C04F79EFBC}") = "Extension Methods Example 1", "Extension Methods Example 1.csproj", "{8594CB3D-133E-41CF-B140-C35FFBCBAD8D}"
EndProject
Global
	GlobalSection(SolutionConfigurationPlatforms) = preSolution
		Debug|Any CPU = Debug|Any CPU
		Release|Any CPU = Release|Any CPU
	EndGlobalSection
	GlobalSection(ProjectConfigurationPlatforms) = postSolution
		{8594CB3D-133E-41CF-B140-C35FFBCBAD8D}.Debug|Any CPU.ActiveCfg = Debug|Any CPU
		{8594CB3D-133E-41CF-B140-C35FFBCBAD8D}.Debug|Any CPU.Build.0 = Debug|Any CPU
		{8594CB3D-133E-41CF-B140-C35FFBCBAD8D}.Release|Any CPU.ActiveCfg = Release|Any CPU
		{8594CB3D-133E-41CF-B140-C35FFBCBAD8D}.Release|Any CPU.Build.0 = Release|Any CPU
	EndGlobalSection
	GlobalSection(SolutionProperties) = preSolution
		HideSolutionNode = FALSE
	EndGlobalSection
	GlobalSection(ExtensibilityGlobals) = postSolution
		SolutionGuid = {B84F295C-E0F1-45A6-8031-4871BF98F035}
	EndGlobalSection
EndGlobal
